
Microsoft Visual Studio Solution File, Format Version 12.00
# Visual Studio 14
VisualStudioVersion = 14.0.24720.0
MinimumVisualStudioVersion = 10.0.40219.1
Project("{FAE04EC0-301F-11D3-BF4B-00C04F79EFBC}") = "ProbeScienceStore", "ProbeScienceStore.csproj", "{464FD98B-BAE7-4242-A029-2D14D88B426F}"
EndProject
Global
	GlobalSection(SolutionConfigurationPlatforms) = preSolution
		Debug|Any CPU = Debug|Any CPU
		Release|Any CPU = Release|Any CPU
	EndGlobalSection
	GlobalSection(ProjectConfigurationPlatforms) = postSolution
		{464FD98B-BAE7-4242-A029-2D14D88B426F}.Debug|Any CPU.ActiveCfg = Debug|Any CPU
		{464FD98B-BAE7-4242-A029-2D14D88B426F}.Debug|Any CPU.Build.0 = Debug|Any CPU
		{464FD98B-BAE7-4242-A029-2D14D88B426F}.Release|Any CPU.ActiveCfg = Release|Any CPU
		{464FD98B-BAE7-4242-A029-2D14D88B426F}.Release|Any CPU.Build.0 = Release|Any CPU
	EndGlobalSection
	GlobalSection(SolutionProperties) = preSolution
		HideSolutionNode = FALSE
	EndGlobalSection
EndGlobal
